// !$*UTF8*$!
{
	archiveVersion = 1;
	classes = {
	};
	objectVersion = 46;
	objects = {

/* Begin PBXBuildFile section */
		DC5C300B1F2A4E8000A19410 /* AppDelegate.swift in Sources */ = {isa = PBXBuildFile; fileRef = DC5C300A1F2A4E8000A19410 /* AppDelegate.swift */; };
		DC5C300D1F2A4E8000A19410 /* ViewController.swift in Sources */ = {isa = PBXBuildFile; fileRef = DC5C300C1F2A4E8000A19410 /* ViewController.swift */; };
		DC5C30101F2A4E8000A19410 /* Main.storyboard in Resources */ = {isa = PBXBuildFile; fileRef = DC5C300E1F2A4E8000A19410 /* Main.storyboard */; };
		DC5C30121F2A4E8000A19410 /* Assets.xcassets in Resources */ = {isa = PBXBuildFile; fileRef = DC5C30111F2A4E8000A19410 /* Assets.xcassets */; };
		DC5C30151F2A4E8000A19410 /* LaunchScreen.storyboard in Resources */ = {isa = PBXBuildFile; fileRef = DC5C30131F2A4E8000A19410 /* LaunchScreen.storyboard */; };
/* End PBXBuildFile section */

/* Begin PBXFileReference section */
		DC5C30071F2A4E8000A19410 /* Do2.app */ = {isa = PBXFileReference; explicitFileType = wrapper.application; includeInIndex = 0; path = Do2.app; sourceTree = BUILT_PRODUCTS_DIR; };
		DC5C300A1F2A4E8000A19410 /* AppDelegate.swift */ = {isa = PBXFileReference; lastKnownFileType = sourcecode.swift; path = AppDelegate.swift; sourceTree = "<group>"; };
		DC5C300C1F2A4E8000A19410 /* ViewController.swift */ = {isa = PBXFileReference; lastKnownFileType = sourcecode.swift; path = ViewController.swift; sourceTree = "<group>"; };
		DC5C300F1F2A4E8000A19410 /* Base */ = {isa = PBXFileReference; lastKnownFileType = file.storyboard; name = Base; path = Base.lproj/Main.storyboard; sourceTree = "<group>"; };
		DC5C30111F2A4E8000A19410 /* Assets.xcassets */ = {isa = PBXFileReference; lastKnownFileType = folder.assetcatalog; path = Assets.xcassets; sourceTree = "<group>"; };
		DC5C30141F2A4E8000A19410 /* Base */ = {isa = PBXFileReference; lastKnownFileType = file.storyboard; name = Base; path = Base.lproj/LaunchScreen.storyboard; sourceTree = "<group>"; };
		DC5C30161F2A4E8000A19410 /* Info.plist */ = {isa = PBXFileReference; lastKnownFileType = text.plist.xml; path = Info.plist; sourceTree = "<group>"; };
/* End PBXFileReference section */

/* Begin PBXFrameworksBuildPhase section */
		DC5C30041F2A4E8000A19410 /* Frameworks */ = {
			isa = PBXFrameworksBuildPhase;
			buildActionMask = 2147483647;
			files = (
			);
			runOnlyForDeploymentPostprocessing = 0;
		};
/* End PBXFrameworksBuildPhase section */

/* Begin PBXGroup section */
		DC5C2FFE1F2A4E8000A19410 = {
			isa = PBXGroup;
			children = (
				DC5C30091F2A4E8000A19410 /* Do2 */,
				DC5C30081F2A4E8000A19410 /* Products */,
			);
			sourceTree = "<group>";
		};
		DC5C30081F2A4E8000A19410 /* Products */ = {
			isa = PBXGroup;
			children = (
				DC5C30071F2A4E8000A19410 /* Do2.app */,
			);
			name = Products;
			sourceTree = "<group>";
		};
		DC5C30091F2A4E8000A19410 /* Do2 */ = {
			isa = PBXGroup;
			children = (
				DC5C300A1F2A4E8000A19410 /* AppDelegate.swift */,
				DC5C300C1F2A4E8000A19410 /* ViewController.swift */,
				DC5C300E1F2A4E8000A19410 /* Main.storyboard */,
				DC5C30111F2A4E8000A19410 /* Assets.xcassets */,
				DC5C30131F2A4E8000A19410 /* LaunchScreen.storyboard */,
				DC5C30161F2A4E8000A19410 /* Info.plist */,
			);
			path = Do2;
			sourceTree = "<group>";
		};
/* End PBXGroup section */

/* Begin PBXNativeTarget section */
		DC5C30061F2A4E8000A19410 /* Do2 */ = {
			isa = PBXNativeTarget;
			buildConfigurationList = DC5C30191F2A4E8000A19410 /* Build configuration list for PBXNativeTarget "Do2" */;
			buildPhases = (
				DC5C30031F2A4E8000A19410 /* Sources */,
				DC5C30041F2A4E8000A19410 /* Frameworks */,
				DC5C30051F2A4E8000A19410 /* Resources */,
			);
			buildRules = (
			);
			dependencies = (
			);
			name = Do2;
			productName = Do2;
			productReference = DC5C30071F2A4E8000A19410 /* Do2.app */;
			productType = "com.apple.product-type.application";
		};
/* End PBXNativeTarget section */

/* Begin PBXProject section */
		DC5C2FFF1F2A4E8000A19410 /* Project object */ = {
			isa = PBXProject;
			attributes = {
				LastSwiftUpdateCheck = 0830;
				LastUpgradeCheck = 0830;
				ORGANIZATIONNAME = "Arjun Adichazhi Valappil";
				TargetAttributes = {
					DC5C30061F2A4E8000A19410 = {
						CreatedOnToolsVersion = 8.3.3;
						ProvisioningStyle = Automatic;
					};
				};
			};
			buildConfigurationList = DC5C30021F2A4E8000A19410 /* Build configuration list for PBXProject "Do2" */;
			compatibilityVersion = "Xcode 3.2";
			developmentRegion = English;
			hasScannedForEncodings = 0;
			knownRegions = (
				en,
				Base,
			);
			mainGroup = DC5C2FFE1F2A4E8000A19410;
			productRefGroup = DC5C30081F2A4E8000A19410 /* Products */;
			projectDirPath = "";
			projectRoot = "";
			targets = (
				DC5C30061F2A4E8000A19410 /* Do2 */,
			);
		};
/* End PBXProject section */

/* Begin PBXResourcesBuildPhase section */
		DC5C30051F2A4E8000A19410 /* Resources */ = {
			isa = PBXResourcesBuildPhase;
			buildActionMask = 2147483647;
			files = (
				DC5C30151F2A4E8000A19410 /* LaunchScreen.storyboard in Resources */,
				DC5C30121F2A4E8000A19410 /* Assets.xcassets in Resources */,
				DC5C30101F2A4E8000A19410 /* Main.storyboard in Resources */,
			);
			runOnlyForDeploymentPostprocessing = 0;
		};
/* End PBXResourcesBuildPhase section */

/* Begin PBXSourcesBuildPhase section */
		DC5C30031F2A4E8000A19410 /* Sources */ = {
			isa = PBXSourcesBuildPhase;
			buildActionMask = 2147483647;
			files = (
				DC5C300D1F2A4E8000A19410 /* ViewController.swift in Sources */,
				DC5C300B1F2A4E8000A19410 /* AppDelegate.swift in Sources */,
			);
			runOnlyForDeploymentPostprocessing = 0;
		};
/* End PBXSourcesBuildPhase section */

/* Begin PBXVariantGroup section */
		DC5C300E1F2A4E8000A19410 /* Main.storyboard */ = {
			isa = PBXVariantGroup;
			children = (
				DC5C300F1F2A4E8000A19410 /* Base */,
			);
			name = Main.storyboard;
			sourceTree = "<group>";
		};
		DC5C30131F2A4E8000A19410 /* LaunchScreen.storyboard */ = {
			isa = PBXVariantGroup;
			children = (
				DC5C30141F2A4E8000A19410 /* Base */,
			);
			name = LaunchScreen.storyboard;
			sourceTree = "<group>";
		};
/* End PBXVariantGroup section */

/* Begin XCBuildConfiguration section */
		DC5C30171F2A4E8000A19410 /* Debug */ = {
			isa = XCBuildConfiguration;
			buildSettings = {
				ALWAYS_SEARCH_USER_PATHS = NO;
				CLANG_ANALYZER_NONNULL = YES;
				CLANG_ANALYZER_NUMBER_OBJECT_CONVERSION = YES_AGGRESSIVE;
				CLANG_CXX_LANGUAGE_STANDARD = "gnu++0x";
				CLANG_CXX_LIBRARY = "libc++";
				CLANG_ENABLE_MODULES = YES;
				CLANG_ENABLE_OBJC_ARC = YES;
				CLANG_WARN_BOOL_CONVERSION = YES;
				CLANG_WARN_CONSTANT_CONVERSION = YES;
				CLANG_WARN_DIRECT_OBJC_ISA_USAGE = YES_ERROR;
				CLANG_WARN_DOCUMENTATION_COMMENTS = YES;
				CLANG_WARN_EMPTY_BODY = YES;
				CLANG_WARN_ENUM_CONVERSION = YES;
				CLANG_WARN_INFINITE_RECURSION = YES;
				CLANG_WARN_INT_CONVERSION = YES;
				CLANG_WARN_OBJC_ROOT_CLASS = YES_ERROR;
				CLANG_WARN_SUSPICIOUS_MOVE = YES;
				CLANG_WARN_UNREACHABLE_CODE = YES;
				CLANG_WARN__DUPLICATE_METHOD_MATCH = YES;
				"CODE_SIGN_IDENTITY[sdk=iphoneos*]" = "iPhone Developer";
				COPY_PHASE_STRIP = NO;
				DEBUG_INFORMATION_FORMAT = dwarf;
				ENABLE_STRICT_OBJC_MSGSEND = YES;
				ENABLE_TESTABILITY = YES;
				GCC_C_LANGUAGE_STANDARD = gnu99;
				GCC_DYNAMIC_NO_PIC = NO;
				GCC_NO_COMMON_BLOCKS = YES;
				GCC_OPTIMIZATION_LEVEL = 0;
				GCC_PREPROCESSOR_DEFINITIONS = (
					"DEBUG=1",
					"$(inherited)",
				);
				GCC_WARN_64_TO_32_BIT_CONVERSION = YES;
				GCC_WARN_ABOUT_RETURN_TYPE = YES_ERROR;
				GCC_WARN_UNDECLARED_SELECTOR = YES;
				GCC_WARN_UNINITIALIZED_AUTOS = YES_AGGRESSIVE;
				GCC_WARN_UNUSED_FUNCTION = YES;
				GCC_WARN_UNUSED_VARIABLE = YES;
				IPHONEOS_DEPLOYMENT_TARGET = 10.3;
				MTL_ENABLE_DEBUG_INFO = YES;
				ONLY_ACTIVE_ARCH = YES;
				SDKROOT = iphoneos;
				SWIFT_ACTIVE_COMPILATION_CONDITIONS = DEBUG;
				SWIFT_OPTIMIZATION_LEVEL = "-Onone";
				TARGETED_DEVICE_FAMILY = "1,2";
			};
			name = Debug;
		};
		DC5C30181F2A4E8000A19410 /* Release */ = {
			isa = XCBuildConfiguration;
			buildSettings = {
				ALWAYS_SEARCH_USER_PATHS = NO;
				CLANG_ANALYZER_NONNULL = YES;
				CLANG_ANALYZER_NUMBER_OBJECT_CONVERSION = YES_AGGRESSIVE;
				CLANG_CXX_LANGUAGE_STANDARD = "gnu++0x";
				CLANG_CXX_LIBRARY = "libc++";
				CLANG_ENABLE_MODULES = YES;
				CLANG_ENABLE_OBJC_ARC = YES;
				CLANG_WARN_BOOL_CONVERSION = YES;
				CLANG_WARN_CONSTANT_CONVERSION = YES;
				CLANG_WARN_DIRECT_OBJC_ISA_USAGE = YES_ERROR;
				CLANG_WARN_DOCUMENTATION_COMMENTS = YES;
				CLANG_WARN_EMPTY_BODY = YES;
				CLANG_WARN_ENUM_CONVERSION = YES;
				CLANG_WARN_INFINITE_RECURSION = YES;
				CLANG_WARN_INT_CONVERSION = YES;
				CLANG_WARN_OBJC_ROOT_CLASS = YES_ERROR;
				CLANG_WARN_SUSPICIOUS_MOVE = YES;
				CLANG_WARN_UNREACHABLE_CODE = YES;
				CLANG_WARN__DUPLICATE_METHOD_MATCH = YES;
				"CODE_SIGN_IDENTITY[sdk=iphoneos*]" = "iPhone Developer";
				COPY_PHASE_STRIP = NO;
				DEBUG_INFORMATION_FORMAT = "dwarf-with-dsym";
				ENABLE_NS_ASSERTIONS = NO;
				ENABLE_STRICT_OBJC_MSGSEND = YES;
				GCC_C_LANGUAGE_STANDARD = gnu99;
				GCC_NO_COMMON_BLOCKS = YES;
				GCC_WARN_64_TO_32_BIT_CONVERSION = YES;
				GCC_WARN_ABOUT_RETURN_TYPE = YES_ERROR;
				GCC_WARN_UNDECLARED_SELECTOR = YES;
				GCC_WARN_UNINITIALIZED_AUTOS = YES_AGGRESSIVE;
				GCC_WARN_UNUSED_FUNCTION = YES;
				GCC_WARN_UNUSED_VARIABLE = YES;
				IPHONEOS_DEPLOYMENT_TARGET = 10.3;
				MTL_ENABLE_DEBUG_INFO = NO;
				SDKROOT = iphoneos;
				SWIFT_OPTIMIZATION_LEVEL = "-Owholemodule";
				TARGETED_DEVICE_FAMILY = "1,2";
				VALIDATE_PRODUCT = YES;
			};
			name = Release;
		};
		DC5C301A1F2A4E8000A19410 /* Debug */ = {
			isa = XCBuildConfiguration;
			buildSettings = {
				ASSETCATALOG_COMPILER_APPICON_NAME = AppIcon;
				INFOPLIST_FILE = Do2/Info.plist;
				LD_RUNPATH_SEARCH_PATHS = "$(inherited) @executable_path/Frameworks";
				PRODUCT_BUNDLE_IDENTIFIER = com.avalabs.Do2;
				PRODUCT_NAME = "$(TARGET_NAME)";
				SWIFT_VERSION = 3.0;
			};
			name = Debug;
		};
		DC5C301B1F2A4E8000A19410 /* Release */ = {
			isa = XCBuildConfiguration;
			buildSettings = {
				ASSETCATALOG_COMPILER_APPICON_NAME = AppIcon;
				INFOPLIST_FILE = Do2/Info.plist;
				LD_RUNPATH_SEARCH_PATHS = "$(inherited) @executable_path/Frameworks";
				PRODUCT_BUNDLE_IDENTIFIER = com.avalabs.Do2;
				PRODUCT_NAME = "$(TARGET_NAME)";
				SWIFT_VERSION = 3.0;
			};
			name = Release;
		};
/* End XCBuildConfiguration section */

/* Begin XCConfigurationList section */
		DC5C30021F2A4E8000A19410 /* Build configuration list for PBXProject "Do2" */ = {
			isa = XCConfigurationList;
			buildConfigurations = (
				DC5C30171F2A4E8000A19410 /* Debug */,
				DC5C30181F2A4E8000A19410 /* Release */,
			);
			defaultConfigurationIsVisible = 0;
			defaultConfigurationName = Release;
		};
		DC5C30191F2A4E8000A19410 /* Build configuration list for PBXNativeTarget "Do2" */ = {
			isa = XCConfigurationList;
			buildConfigurations = (
				DC5C301A1F2A4E8000A19410 /* Debug */,
				DC5C301B1F2A4E8000A19410 /* Release */,
			);
			defaultConfigurationIsVisible = 0;
		};
/* End XCConfigurationList section */
	};
	rootObject = DC5C2FFF1F2A4E8000A19410 /* Project object */;
}
